// !$*UTF8*$!
{
	archiveVersion = 1;
	classes = {
	};
	objectVersion = 50;
	objects = {

/* Begin PBXBuildFile section */
		74057DAE224C91450048B1C3 /* AppDelegate.swift in Sources */ = {isa = PBXBuildFile; fileRef = 74057DAD224C91450048B1C3 /* AppDelegate.swift */; };
		74057DB0224C91450048B1C3 /* ViewController.swift in Sources */ = {isa = PBXBuildFile; fileRef = 74057DAF224C91450048B1C3 /* ViewController.swift */; };
		74057DB3224C91450048B1C3 /* Main.storyboard in Resources */ = {isa = PBXBuildFile; fileRef = 74057DB1224C91450048B1C3 /* Main.storyboard */; };
		74057DB5224C91470048B1C3 /* Assets.xcassets in Resources */ = {isa = PBXBuildFile; fileRef = 74057DB4224C91470048B1C3 /* Assets.xcassets */; };
		74057DB8224C91470048B1C3 /* LaunchScreen.storyboard in Resources */ = {isa = PBXBuildFile; fileRef = 74057DB6224C91470048B1C3 /* LaunchScreen.storyboard */; };
		74057DC4224C95D30048B1C3 /* frame2.png in Resources */ = {isa = PBXBuildFile; fileRef = 74057DBF224C95D20048B1C3 /* frame2.png */; };
		74057DC5224C95D30048B1C3 /* frame1.png in Resources */ = {isa = PBXBuildFile; fileRef = 74057DC0224C95D20048B1C3 /* frame1.png */; };
		74057DC6224C95D30048B1C3 /* frame3.png in Resources */ = {isa = PBXBuildFile; fileRef = 74057DC1224C95D20048B1C3 /* frame3.png */; };
		74057DC7224C95D30048B1C3 /* frame5.png in Resources */ = {isa = PBXBuildFile; fileRef = 74057DC2224C95D20048B1C3 /* frame5.png */; };
		74057DC8224C95D30048B1C3 /* frame4.png in Resources */ = {isa = PBXBuildFile; fileRef = 74057DC3224C95D20048B1C3 /* frame4.png */; };
/* End PBXBuildFile section */

/* Begin PBXFileReference section */
		74057DAA224C91450048B1C3 /* Alien imageView 02.app */ = {isa = PBXFileReference; explicitFileType = wrapper.application; includeInIndex = 0; path = "Alien imageView 02.app"; sourceTree = BUILT_PRODUCTS_DIR; };
		74057DAD224C91450048B1C3 /* AppDelegate.swift */ = {isa = PBXFileReference; lastKnownFileType = sourcecode.swift; path = AppDelegate.swift; sourceTree = "<group>"; };
		74057DAF224C91450048B1C3 /* ViewController.swift */ = {isa = PBXFileReference; lastKnownFileType = sourcecode.swift; path = ViewController.swift; sourceTree = "<group>"; };
		74057DB2224C91450048B1C3 /* Base */ = {isa = PBXFileReference; lastKnownFileType = file.storyboard; name = Base; path = Base.lproj/Main.storyboard; sourceTree = "<group>"; };
		74057DB4224C91470048B1C3 /* Assets.xcassets */ = {isa = PBXFileReference; lastKnownFileType = folder.assetcatalog; path = Assets.xcassets; sourceTree = "<group>"; };
		74057DB7224C91470048B1C3 /* Base */ = {isa = PBXFileReference; lastKnownFileType = file.storyboard; name = Base; path = Base.lproj/LaunchScreen.storyboard; sourceTree = "<group>"; };
		74057DB9224C91470048B1C3 /* Info.plist */ = {isa = PBXFileReference; lastKnownFileType = text.plist.xml; path = Info.plist; sourceTree = "<group>"; };
		74057DBF224C95D20048B1C3 /* frame2.png */ = {isa = PBXFileReference; lastKnownFileType = image.png; path = frame2.png; sourceTree = "<group>"; };
		74057DC0224C95D20048B1C3 /* frame1.png */ = {isa = PBXFileReference; lastKnownFileType = image.png; path = frame1.png; sourceTree = "<group>"; };
		74057DC1224C95D20048B1C3 /* frame3.png */ = {isa = PBXFileReference; lastKnownFileType = image.png; path = frame3.png; sourceTree = "<group>"; };
		74057DC2224C95D20048B1C3 /* frame5.png */ = {isa = PBXFileReference; lastKnownFileType = image.png; path = frame5.png; sourceTree = "<group>"; };
		74057DC3224C95D20048B1C3 /* frame4.png */ = {isa = PBXFileReference; lastKnownFileType = image.png; path = frame4.png; sourceTree = "<group>"; };
/* End PBXFileReference section */

/* Begin PBXFrameworksBuildPhase section */
		74057DA7224C91450048B1C3 /* Frameworks */ = {
			isa = PBXFrameworksBuildPhase;
			buildActionMask = 2147483647;
			files = (
			);
			runOnlyForDeploymentPostprocessing = 0;
		};
/* End PBXFrameworksBuildPhase section */

/* Begin PBXGroup section */
		74057DA1224C91450048B1C3 = {
			isa = PBXGroup;
			children = (
				74057DAC224C91450048B1C3 /* Alien imageView 02 */,
				74057DAB224C91450048B1C3 /* Products */,
			);
			sourceTree = "<group>";
		};
		74057DAB224C91450048B1C3 /* Products */ = {
			isa = PBXGroup;
			children = (
				74057DAA224C91450048B1C3 /* Alien imageView 02.app */,
			);
			name = Products;
			sourceTree = "<group>";
		};
		74057DAC224C91450048B1C3 /* Alien imageView 02 */ = {
			isa = PBXGroup;
			children = (
				74057DC0224C95D20048B1C3 /* frame1.png */,
				74057DBF224C95D20048B1C3 /* frame2.png */,
				74057DC1224C95D20048B1C3 /* frame3.png */,
				74057DC3224C95D20048B1C3 /* frame4.png */,
				74057DC2224C95D20048B1C3 /* frame5.png */,
				74057DAD224C91450048B1C3 /* AppDelegate.swift */,
				74057DAF224C91450048B1C3 /* ViewController.swift */,
				74057DB1224C91450048B1C3 /* Main.storyboard */,
				74057DB4224C91470048B1C3 /* Assets.xcassets */,
				74057DB6224C91470048B1C3 /* LaunchScreen.storyboard */,
				74057DB9224C91470048B1C3 /* Info.plist */,
			);
			path = "Alien imageView 02";
			sourceTree = "<group>";
		};
/* End PBXGroup section */

/* Begin PBXNativeTarget section */
		74057DA9224C91450048B1C3 /* Alien imageView 02 */ = {
			isa = PBXNativeTarget;
			buildConfigurationList = 74057DBC224C91470048B1C3 /* Build configuration list for PBXNativeTarget "Alien imageView 02" */;
			buildPhases = (
				74057DA6224C91450048B1C3 /* Sources */,
				74057DA7224C91450048B1C3 /* Frameworks */,
				74057DA8224C91450048B1C3 /* Resources */,
			);
			buildRules = (
			);
			dependencies = (
			);
			name = "Alien imageView 02";
			productName = "Alien imageView 02";
			productReference = 74057DAA224C91450048B1C3 /* Alien imageView 02.app */;
			productType = "com.apple.product-type.application";
		};
/* End PBXNativeTarget section */

/* Begin PBXProject section */
		74057DA2224C91450048B1C3 /* Project object */ = {
			isa = PBXProject;
			attributes = {
				LastSwiftUpdateCheck = 1010;
				LastUpgradeCheck = 1010;
				ORGANIZATIONNAME = 1234;
				TargetAttributes = {
					74057DA9224C91450048B1C3 = {
						CreatedOnToolsVersion = 10.1;
					};
				};
			};
			buildConfigurationList = 74057DA5224C91450048B1C3 /* Build configuration list for PBXProject "Alien imageView 02" */;
			compatibilityVersion = "Xcode 9.3";
			developmentRegion = en;
			hasScannedForEncodings = 0;
			knownRegions = (
				en,
				Base,
			);
			mainGroup = 74057DA1224C91450048B1C3;
			productRefGroup = 74057DAB224C91450048B1C3 /* Products */;
			projectDirPath = "";
			projectRoot = "";
			targets = (
				74057DA9224C91450048B1C3 /* Alien imageView 02 */,
			);
		};
/* End PBXProject section */

/* Begin PBXResourcesBuildPhase section */
		74057DA8224C91450048B1C3 /* Resources */ = {
			isa = PBXResourcesBuildPhase;
			buildActionMask = 2147483647;
			files = (
				74057DC5224C95D30048B1C3 /* frame1.png in Resources */,
				74057DC7224C95D30048B1C3 /* frame5.png in Resources */,
				74057DC6224C95D30048B1C3 /* frame3.png in Resources */,
				74057DB8224C91470048B1C3 /* LaunchScreen.storyboard in Resources */,
				74057DC8224C95D30048B1C3 /* frame4.png in Resources */,
				74057DB5224C91470048B1C3 /* Assets.xcassets in Resources */,
				74057DC4224C95D30048B1C3 /* frame2.png in Resources */,
				74057DB3224C91450048B1C3 /* Main.storyboard in Resources */,
			);
			runOnlyForDeploymentPostprocessing = 0;
		};
/* End PBXResourcesBuildPhase section */

/* Begin PBXSourcesBuildPhase section */
		74057DA6224C91450048B1C3 /* Sources */ = {
			isa = PBXSourcesBuildPhase;
			buildActionMask = 2147483647;
			files = (
				74057DB0224C91450048B1C3 /* ViewController.swift in Sources */,
				74057DAE224C91450048B1C3 /* AppDelegate.swift in Sources */,
			);
			runOnlyForDeploymentPostprocessing = 0;
		};
/* End PBXSourcesBuildPhase section */

/* Begin PBXVariantGroup section */
		74057DB1224C91450048B1C3 /* Main.storyboard */ = {
			isa = PBXVariantGroup;
			children = (
				74057DB2224C91450048B1C3 /* Base */,
			);
			name = Main.storyboard;
			sourceTree = "<group>";
		};
		74057DB6224C91470048B1C3 /* LaunchScreen.storyboard */ = {
			isa = PBXVariantGroup;
			children = (
				74057DB7224C91470048B1C3 /* Base */,
			);
			name = LaunchScreen.storyboard;
			sourceTree = "<group>";
		};
/* End PBXVariantGroup section */

/* Begin XCBuildConfiguration section */
		74057DBA224C91470048B1C3 /* Debug */ = {
			isa = XCBuildConfiguration;
			buildSettings = {
				ALWAYS_SEARCH_USER_PATHS = NO;
				CLANG_ANALYZER_NONNULL = YES;
				CLANG_ANALYZER_NUMBER_OBJECT_CONVERSION = YES_AGGRESSIVE;
				CLANG_CXX_LANGUAGE_STANDARD = "gnu++14";
				CLANG_CXX_LIBRARY = "libc++";
				CLANG_ENABLE_MODULES = YES;
				CLANG_ENABLE_OBJC_ARC = YES;
				CLANG_ENABLE_OBJC_WEAK = YES;
				CLANG_WARN_BLOCK_CAPTURE_AUTORELEASING = YES;
				CLANG_WARN_BOOL_CONVERSION = YES;
				CLANG_WARN_COMMA = YES;
				CLANG_WARN_CONSTANT_CONVERSION = YES;
				CLANG_WARN_DEPRECATED_OBJC_IMPLEMENTATIONS = YES;
				CLANG_WARN_DIRECT_OBJC_ISA_USAGE = YES_ERROR;
				CLANG_WARN_DOCUMENTATION_COMMENTS = YES;
				CLANG_WARN_EMPTY_BODY = YES;
				CLANG_WARN_ENUM_CONVERSION = YES;
				CLANG_WARN_INFINITE_RECURSION = YES;
				CLANG_WARN_INT_CONVERSION = YES;
				CLANG_WARN_NON_LITERAL_NULL_CONVERSION = YES;
				CLANG_WARN_OBJC_IMPLICIT_RETAIN_SELF = YES;
				CLANG_WARN_OBJC_LITERAL_CONVERSION = YES;
				CLANG_WARN_OBJC_ROOT_CLASS = YES_ERROR;
				CLANG_WARN_RANGE_LOOP_ANALYSIS = YES;
				CLANG_WARN_STRICT_PROTOTYPES = YES;
				CLANG_WARN_SUSPICIOUS_MOVE = YES;
				CLANG_WARN_UNGUARDED_AVAILABILITY = YES_AGGRESSIVE;
				CLANG_WARN_UNREACHABLE_CODE = YES;
				CLANG_WARN__DUPLICATE_METHOD_MATCH = YES;
				CODE_SIGN_IDENTITY = "iPhone Developer";
				COPY_PHASE_STRIP = NO;
				DEBUG_INFORMATION_FORMAT = dwarf;
				ENABLE_STRICT_OBJC_MSGSEND = YES;
				ENABLE_TESTABILITY = YES;
				GCC_C_LANGUAGE_STANDARD = gnu11;
				GCC_DYNAMIC_NO_PIC = NO;
				GCC_NO_COMMON_BLOCKS = YES;
				GCC_OPTIMIZATION_LEVEL = 0;
				GCC_PREPROCESSOR_DEFINITIONS = (
					"DEBUG=1",
					"$(inherited)",
				);
				GCC_WARN_64_TO_32_BIT_CONVERSION = YES;
				GCC_WARN_ABOUT_RETURN_TYPE = YES_ERROR;
				GCC_WARN_UNDECLARED_SELECTOR = YES;
				GCC_WARN_UNINITIALIZED_AUTOS = YES_AGGRESSIVE;
				GCC_WARN_UNUSED_FUNCTION = YES;
				GCC_WARN_UNUSED_VARIABLE = YES;
				IPHONEOS_DEPLOYMENT_TARGET = 12.1;
				MTL_ENABLE_DEBUG_INFO = INCLUDE_SOURCE;
				MTL_FAST_MATH = YES;
				ONLY_ACTIVE_ARCH = YES;
				SDKROOT = iphoneos;
				SWIFT_ACTIVE_COMPILATION_CONDITIONS = DEBUG;
				SWIFT_OPTIMIZATION_LEVEL = "-Onone";
			};
			name = Debug;
		};
		74057DBB224C91470048B1C3 /* Release */ = {
			isa = XCBuildConfiguration;
			buildSettings = {
				ALWAYS_SEARCH_USER_PATHS = NO;
				CLANG_ANALYZER_NONNULL = YES;
				CLANG_ANALYZER_NUMBER_OBJECT_CONVERSION = YES_AGGRESSIVE;
				CLANG_CXX_LANGUAGE_STANDARD = "gnu++14";
				CLANG_CXX_LIBRARY = "libc++";
				CLANG_ENABLE_MODULES = YES;
				CLANG_ENABLE_OBJC_ARC = YES;
				CLANG_ENABLE_OBJC_WEAK = YES;
				CLANG_WARN_BLOCK_CAPTURE_AUTORELEASING = YES;
				CLANG_WARN_BOOL_CONVERSION = YES;
				CLANG_WARN_COMMA = YES;
				CLANG_WARN_CONSTANT_CONVERSION = YES;
				CLANG_WARN_DEPRECATED_OBJC_IMPLEMENTATIONS = YES;
				CLANG_WARN_DIRECT_OBJC_ISA_USAGE = YES_ERROR;
				CLANG_WARN_DOCUMENTATION_COMMENTS = YES;
				CLANG_WARN_EMPTY_BODY = YES;
				CLANG_WARN_ENUM_CONVERSION = YES;
				CLANG_WARN_INFINITE_RECURSION = YES;
				CLANG_WARN_INT_CONVERSION = YES;
				CLANG_WARN_NON_LITERAL_NULL_CONVERSION = YES;
				CLANG_WARN_OBJC_IMPLICIT_RETAIN_SELF = YES;
				CLANG_WARN_OBJC_LITERAL_CONVERSION = YES;
				CLANG_WARN_OBJC_ROOT_CLASS = YES_ERROR;
				CLANG_WARN_RANGE_LOOP_ANALYSIS = YES;
				CLANG_WARN_STRICT_PROTOTYPES = YES;
				CLANG_WARN_SUSPICIOUS_MOVE = YES;
				CLANG_WARN_UNGUARDED_AVAILABILITY = YES_AGGRESSIVE;
				CLANG_WARN_UNREACHABLE_CODE = YES;
				CLANG_WARN__DUPLICATE_METHOD_MATCH = YES;
				CODE_SIGN_IDENTITY = "iPhone Developer";
				COPY_PHASE_STRIP = NO;
				DEBUG_INFORMATION_FORMAT = "dwarf-with-dsym";
				ENABLE_NS_ASSERTIONS = NO;
				ENABLE_STRICT_OBJC_MSGSEND = YES;
				GCC_C_LANGUAGE_STANDARD = gnu11;
				GCC_NO_COMMON_BLOCKS = YES;
				GCC_WARN_64_TO_32_BIT_CONVERSION = YES;
				GCC_WARN_ABOUT_RETURN_TYPE = YES_ERROR;
				GCC_WARN_UNDECLARED_SELECTOR = YES;
				GCC_WARN_UNINITIALIZED_AUTOS = YES_AGGRESSIVE;
				GCC_WARN_UNUSED_FUNCTION = YES;
				GCC_WARN_UNUSED_VARIABLE = YES;
				IPHONEOS_DEPLOYMENT_TARGET = 12.1;
				MTL_ENABLE_DEBUG_INFO = NO;
				MTL_FAST_MATH = YES;
				SDKROOT = iphoneos;
				SWIFT_COMPILATION_MODE = wholemodule;
				SWIFT_OPTIMIZATION_LEVEL = "-O";
				VALIDATE_PRODUCT = YES;
			};
			name = Release;
		};
		74057DBD224C91470048B1C3 /* Debug */ = {
			isa = XCBuildConfiguration;
			buildSettings = {
				ASSETCATALOG_COMPILER_APPICON_NAME = AppIcon;
				CODE_SIGN_STYLE = Automatic;
				INFOPLIST_FILE = "Alien imageView 02/Info.plist";
				LD_RUNPATH_SEARCH_PATHS = (
					"$(inherited)",
					"@executable_path/Frameworks",
				);
				PRODUCT_BUNDLE_IDENTIFIER = "-234.Alien-imageView-02";
				PRODUCT_NAME = "$(TARGET_NAME)";
				SWIFT_VERSION = 4.2;
				TARGETED_DEVICE_FAMILY = "1,2";
			};
			name = Debug;
		};
		74057DBE224C91470048B1C3 /* Release */ = {
			isa = XCBuildConfiguration;
			buildSettings = {
				ASSETCATALOG_COMPILER_APPICON_NAME = AppIcon;
				CODE_SIGN_STYLE = Automatic;
				INFOPLIST_FILE = "Alien imageView 02/Info.plist";
				LD_RUNPATH_SEARCH_PATHS = (
					"$(inherited)",
					"@executable_path/Frameworks",
				);
				PRODUCT_BUNDLE_IDENTIFIER = "-234.Alien-imageView-02";
				PRODUCT_NAME = "$(TARGET_NAME)";
				SWIFT_VERSION = 4.2;
				TARGETED_DEVICE_FAMILY = "1,2";
			};
			name = Release;
		};
/* End XCBuildConfiguration section */

/* Begin XCConfigurationList section */
		74057DA5224C91450048B1C3 /* Build configuration list for PBXProject "Alien imageView 02" */ = {
			isa = XCConfigurationList;
			buildConfigurations = (
				74057DBA224C91470048B1C3 /* Debug */,
				74057DBB224C91470048B1C3 /* Release */,
			);
			defaultConfigurationIsVisible = 0;
			defaultConfigurationName = Release;
		};
		74057DBC224C91470048B1C3 /* Build configuration list for PBXNativeTarget "Alien imageView 02" */ = {
			isa = XCConfigurationList;
			buildConfigurations = (
				74057DBD224C91470048B1C3 /* Debug */,
				74057DBE224C91470048B1C3 /* Release */,
			);
			defaultConfigurationIsVisible = 0;
			defaultConfigurationName = Release;
		};
/* End XCConfigurationList section */
	};
	rootObject = 74057DA2224C91450048B1C3 /* Project object */;
}
